
Microsoft Visual Studio Solution File, Format Version 12.00
Project("{FAE04EC0-301F-11D3-BF4B-00C04F79EFBC}") = "CSharpInteractive", "CSharpInteractive\CSharpInteractive.csproj", "{ADFB3FC4-D403-413E-B77A-11F449F4FF50}"
EndProject
Project("{FAE04EC0-301F-11D3-BF4B-00C04F79EFBC}") = "CSharpInteractive.Tests", "CSharpInteractive.Tests\CSharpInteractive.Tests.csproj", "{D50DF30F-F84C-4292-9DA1-28D3649607A2}"
EndProject
Project("{FAE04EC0-301F-11D3-BF4B-00C04F79EFBC}") = "CSharpInteractive.HostApi", "CSharpInteractive.HostApi\CSharpInteractive.HostApi.csproj", "{4B570E69-8513-44C8-B501-22979CE6C87B}"
EndProject
Project("{FAE04EC0-301F-11D3-BF4B-00C04F79EFBC}") = "CSharpInteractive.Tool", "CSharpInteractive\CSharpInteractive.Tool.csproj", "{449E7939-B886-4213-A8AD-9E33B4EB19A7}"
EndProject
Project("{FAE04EC0-301F-11D3-BF4B-00C04F79EFBC}") = "CSharpInteractive.Templates", "CSharpInteractive.Templates\CSharpInteractive.Templates.csproj", "{F8533CEF-6965-48A9-BBDF-4BD791E3F92F}"
EndProject
Project("{2150E333-8FDC-42A3-9474-1A3956D46DE8}") = "Solution", "Solution", "{12A64310-BCF1-4B76-938C-F5DD7593B55F}"
	ProjectSection(SolutionItems) = preProject
		Directory.Build.props = Directory.Build.props
		LICENSE = LICENSE
		README_BODY.md = README_BODY.md
	EndProjectSection
EndProject
Project("{2150E333-8FDC-42A3-9474-1A3956D46DE8}") = "Samples", "Samples", "{CE315710-ACE8-4CAC-B030-4778257652DB}"
EndProject
Project("{FAE04EC0-301F-11D3-BF4B-00C04F79EFBC}") = "Build", "Build\Build.csproj", "{0DC4FDFF-B270-44FA-8BC0-E1D1C1453B17}"
EndProject
Project("{2150E333-8FDC-42A3-9474-1A3956D46DE8}") = "Scripts", "Scripts", "{4FA6CCBD-6656-41B5-A480-AFCFACB265F3}"
	ProjectSection(SolutionItems) = preProject
		Samples\Scripts\CommandLine.csx = Samples\Scripts\CommandLine.csx
		Samples\Scripts\CommandLineAsync.csx = Samples\Scripts\CommandLineAsync.csx
		Samples\Scripts\CompilationError.csx = Samples\Scripts\CompilationError.csx
		Samples\Scripts\Docker.csx = Samples\Scripts\Docker.csx
		Samples\Scripts\hello.csx = Samples\Scripts\hello.csx
		Samples\Scripts\Integration.csx = Samples\Scripts\Integration.csx
		Samples\Scripts\Nuget.csx = Samples\Scripts\Nuget.csx
		Samples\Scripts\RuntimeError.csx = Samples\Scripts\RuntimeError.csx
		Samples\Scripts\TelegramBot.csx = Samples\Scripts\TelegramBot.csx
		Samples\Scripts\Wsl.csx = Samples\Scripts\Wsl.csx
		Samples\Scripts\xu.csx = Samples\Scripts\xu.csx
	EndProjectSection
EndProject
Project("{2150E333-8FDC-42A3-9474-1A3956D46DE8}") = "MySampleLib", "MySampleLib", "{C83ECC4E-3E9F-42DC-AFF2-6DF1BF926DAA}"
EndProject
Project("{FAE04EC0-301F-11D3-BF4B-00C04F79EFBC}") = "MySampleLib", "Samples\MySampleLib\MySampleLib\MySampleLib.csproj", "{74267567-C96C-4A38-A404-C493338DC012}"
EndProject
Project("{FAE04EC0-301F-11D3-BF4B-00C04F79EFBC}") = "MySampleLib.Tests", "Samples\MySampleLib\MySampleLib.Tests\MySampleLib.Tests.csproj", "{D1436234-FD1E-430A-8545-7279193F8BD1}"
EndProject
Project("{FAE04EC0-301F-11D3-BF4B-00C04F79EFBC}") = "Build", "Samples\MySampleLib\Build\Build.csproj", "{A1213ADD-4AAC-47D6-B96F-111E2650C2D5}"
EndProject
Global
	GlobalSection(SolutionConfigurationPlatforms) = preSolution
		Debug|Any CPU = Debug|Any CPU
		Release|Any CPU = Release|Any CPU
	EndGlobalSection
	GlobalSection(ProjectConfigurationPlatforms) = postSolution
		{ADFB3FC4-D403-413E-B77A-11F449F4FF50}.Debug|Any CPU.ActiveCfg = Debug|Any CPU
		{ADFB3FC4-D403-413E-B77A-11F449F4FF50}.Debug|Any CPU.Build.0 = Debug|Any CPU
		{ADFB3FC4-D403-413E-B77A-11F449F4FF50}.Release|Any CPU.ActiveCfg = Release|Any CPU
		{ADFB3FC4-D403-413E-B77A-11F449F4FF50}.Release|Any CPU.Build.0 = Release|Any CPU
		{D50DF30F-F84C-4292-9DA1-28D3649607A2}.Debug|Any CPU.ActiveCfg = Debug|Any CPU
		{D50DF30F-F84C-4292-9DA1-28D3649607A2}.Debug|Any CPU.Build.0 = Debug|Any CPU
		{D50DF30F-F84C-4292-9DA1-28D3649607A2}.Release|Any CPU.ActiveCfg = Release|Any CPU
		{D50DF30F-F84C-4292-9DA1-28D3649607A2}.Release|Any CPU.Build.0 = Release|Any CPU
		{4B570E69-8513-44C8-B501-22979CE6C87B}.Debug|Any CPU.ActiveCfg = Debug|Any CPU
		{4B570E69-8513-44C8-B501-22979CE6C87B}.Debug|Any CPU.Build.0 = Debug|Any CPU
		{4B570E69-8513-44C8-B501-22979CE6C87B}.Release|Any CPU.ActiveCfg = Release|Any CPU
		{4B570E69-8513-44C8-B501-22979CE6C87B}.Release|Any CPU.Build.0 = Release|Any CPU
		{449E7939-B886-4213-A8AD-9E33B4EB19A7}.Debug|Any CPU.ActiveCfg = Debug|Any CPU
		{449E7939-B886-4213-A8AD-9E33B4EB19A7}.Debug|Any CPU.Build.0 = Debug|Any CPU
		{449E7939-B886-4213-A8AD-9E33B4EB19A7}.Release|Any CPU.ActiveCfg = Release|Any CPU
		{449E7939-B886-4213-A8AD-9E33B4EB19A7}.Release|Any CPU.Build.0 = Release|Any CPU
		{F8533CEF-6965-48A9-BBDF-4BD791E3F92F}.Debug|Any CPU.ActiveCfg = Debug|Any CPU
		{F8533CEF-6965-48A9-BBDF-4BD791E3F92F}.Debug|Any CPU.Build.0 = Debug|Any CPU
		{F8533CEF-6965-48A9-BBDF-4BD791E3F92F}.Release|Any CPU.ActiveCfg = Release|Any CPU
		{F8533CEF-6965-48A9-BBDF-4BD791E3F92F}.Release|Any CPU.Build.0 = Release|Any CPU
		{7EE99DB4-7EA8-418D-ABF8-45D66063E6D7}.Debug|Any CPU.ActiveCfg = Debug|Any CPU
		{7EE99DB4-7EA8-418D-ABF8-45D66063E6D7}.Debug|Any CPU.Build.0 = Debug|Any CPU
		{7EE99DB4-7EA8-418D-ABF8-45D66063E6D7}.Release|Any CPU.ActiveCfg = Release|Any CPU
		{7EE99DB4-7EA8-418D-ABF8-45D66063E6D7}.Release|Any CPU.Build.0 = Release|Any CPU
		{0DC4FDFF-B270-44FA-8BC0-E1D1C1453B17}.Debug|Any CPU.ActiveCfg = Debug|Any CPU
		{0DC4FDFF-B270-44FA-8BC0-E1D1C1453B17}.Debug|Any CPU.Build.0 = Debug|Any CPU
		{0DC4FDFF-B270-44FA-8BC0-E1D1C1453B17}.Release|Any CPU.ActiveCfg = Release|Any CPU
		{0DC4FDFF-B270-44FA-8BC0-E1D1C1453B17}.Release|Any CPU.Build.0 = Release|Any CPU
		{74267567-C96C-4A38-A404-C493338DC012}.Debug|Any CPU.ActiveCfg = Debug|Any CPU
		{74267567-C96C-4A38-A404-C493338DC012}.Debug|Any CPU.Build.0 = Debug|Any CPU
		{74267567-C96C-4A38-A404-C493338DC012}.Release|Any CPU.ActiveCfg = Release|Any CPU
		{74267567-C96C-4A38-A404-C493338DC012}.Release|Any CPU.Build.0 = Release|Any CPU
		{D1436234-FD1E-430A-8545-7279193F8BD1}.Debug|Any CPU.ActiveCfg = Debug|Any CPU
		{D1436234-FD1E-430A-8545-7279193F8BD1}.Debug|Any CPU.Build.0 = Debug|Any CPU
		{D1436234-FD1E-430A-8545-7279193F8BD1}.Release|Any CPU.ActiveCfg = Release|Any CPU
		{D1436234-FD1E-430A-8545-7279193F8BD1}.Release|Any CPU.Build.0 = Release|Any CPU
		{A1213ADD-4AAC-47D6-B96F-111E2650C2D5}.Debug|Any CPU.ActiveCfg = Debug|Any CPU
		{A1213ADD-4AAC-47D6-B96F-111E2650C2D5}.Debug|Any CPU.Build.0 = Debug|Any CPU
		{A1213ADD-4AAC-47D6-B96F-111E2650C2D5}.Release|Any CPU.ActiveCfg = Release|Any CPU
		{A1213ADD-4AAC-47D6-B96F-111E2650C2D5}.Release|Any CPU.Build.0 = Release|Any CPU
	EndGlobalSection
	GlobalSection(NestedProjects) = preSolution
		{4FA6CCBD-6656-41B5-A480-AFCFACB265F3} = {CE315710-ACE8-4CAC-B030-4778257652DB}
		{C83ECC4E-3E9F-42DC-AFF2-6DF1BF926DAA} = {CE315710-ACE8-4CAC-B030-4778257652DB}
		{74267567-C96C-4A38-A404-C493338DC012} = {C83ECC4E-3E9F-42DC-AFF2-6DF1BF926DAA}
		{D1436234-FD1E-430A-8545-7279193F8BD1} = {C83ECC4E-3E9F-42DC-AFF2-6DF1BF926DAA}
		{A1213ADD-4AAC-47D6-B96F-111E2650C2D5} = {C83ECC4E-3E9F-42DC-AFF2-6DF1BF926DAA}
	EndGlobalSection
EndGlobal
